// !$*UTF8*$!
{
	archiveVersion = 1;
	classes = {
	};
	objectVersion = 56;
	objects = {

/* Begin PBXBuildFile section */
		65AECE242B5655D700599FF8 /* AppDelegate.swift in Sources */ = {isa = PBXBuildFile; fileRef = 65AECE232B5655D700599FF8 /* AppDelegate.swift */; };
		65AECE262B5655D700599FF8 /* SceneDelegate.swift in Sources */ = {isa = PBXBuildFile; fileRef = 65AECE252B5655D700599FF8 /* SceneDelegate.swift */; };
		65AECE282B5655D700599FF8 /* ViewController.swift in Sources */ = {isa = PBXBuildFile; fileRef = 65AECE272B5655D700599FF8 /* ViewController.swift */; };
		65AECE2B2B5655D700599FF8 /* Main.storyboard in Resources */ = {isa = PBXBuildFile; fileRef = 65AECE292B5655D700599FF8 /* Main.storyboard */; };
		65AECE2E2B5655D700599FF8 /* Weather_Forecast.xcdatamodeld in Sources */ = {isa = PBXBuildFile; fileRef = 65AECE2C2B5655D700599FF8 /* Weather_Forecast.xcdatamodeld */; };
		65AECE302B5655D800599FF8 /* Assets.xcassets in Resources */ = {isa = PBXBuildFile; fileRef = 65AECE2F2B5655D800599FF8 /* Assets.xcassets */; };
		65AECE332B5655D800599FF8 /* LaunchScreen.storyboard in Resources */ = {isa = PBXBuildFile; fileRef = 65AECE312B5655D800599FF8 /* LaunchScreen.storyboard */; };
		65AECE3E2B5655D800599FF8 /* Weather_ForecastTests.swift in Sources */ = {isa = PBXBuildFile; fileRef = 65AECE3D2B5655D800599FF8 /* Weather_ForecastTests.swift */; };
		65AECE482B5655D800599FF8 /* Weather_ForecastUITests.swift in Sources */ = {isa = PBXBuildFile; fileRef = 65AECE472B5655D800599FF8 /* Weather_ForecastUITests.swift */; };
		65AECE4A2B5655D800599FF8 /* Weather_ForecastUITestsLaunchTests.swift in Sources */ = {isa = PBXBuildFile; fileRef = 65AECE492B5655D800599FF8 /* Weather_ForecastUITestsLaunchTests.swift */; };
/* End PBXBuildFile section */

/* Begin PBXContainerItemProxy section */
		65AECE3A2B5655D800599FF8 /* PBXContainerItemProxy */ = {
			isa = PBXContainerItemProxy;
			containerPortal = 65AECE182B5655D700599FF8 /* Project object */;
			proxyType = 1;
			remoteGlobalIDString = 65AECE1F2B5655D700599FF8;
			remoteInfo = "Weather Forecast";
		};
		65AECE442B5655D800599FF8 /* PBXContainerItemProxy */ = {
			isa = PBXContainerItemProxy;
			containerPortal = 65AECE182B5655D700599FF8 /* Project object */;
			proxyType = 1;
			remoteGlobalIDString = 65AECE1F2B5655D700599FF8;
			remoteInfo = "Weather Forecast";
		};
/* End PBXContainerItemProxy section */

/* Begin PBXFileReference section */
		65AECE202B5655D700599FF8 /* Weather Forecast.app */ = {isa = PBXFileReference; explicitFileType = wrapper.application; includeInIndex = 0; path = "Weather Forecast.app"; sourceTree = BUILT_PRODUCTS_DIR; };
		65AECE232B5655D700599FF8 /* AppDelegate.swift */ = {isa = PBXFileReference; lastKnownFileType = sourcecode.swift; path = AppDelegate.swift; sourceTree = "<group>"; };
		65AECE252B5655D700599FF8 /* SceneDelegate.swift */ = {isa = PBXFileReference; lastKnownFileType = sourcecode.swift; path = SceneDelegate.swift; sourceTree = "<group>"; };
		65AECE272B5655D700599FF8 /* ViewController.swift */ = {isa = PBXFileReference; lastKnownFileType = sourcecode.swift; path = ViewController.swift; sourceTree = "<group>"; };
		65AECE2A2B5655D700599FF8 /* Base */ = {isa = PBXFileReference; lastKnownFileType = file.storyboard; name = Base; path = Base.lproj/Main.storyboard; sourceTree = "<group>"; };
		65AECE2D2B5655D700599FF8 /* Weather_Forecast.xcdatamodel */ = {isa = PBXFileReference; lastKnownFileType = wrapper.xcdatamodel; path = Weather_Forecast.xcdatamodel; sourceTree = "<group>"; };
		65AECE2F2B5655D800599FF8 /* Assets.xcassets */ = {isa = PBXFileReference; lastKnownFileType = folder.assetcatalog; path = Assets.xcassets; sourceTree = "<group>"; };
		65AECE322B5655D800599FF8 /* Base */ = {isa = PBXFileReference; lastKnownFileType = file.storyboard; name = Base; path = Base.lproj/LaunchScreen.storyboard; sourceTree = "<group>"; };
		65AECE342B5655D800599FF8 /* Info.plist */ = {isa = PBXFileReference; lastKnownFileType = text.plist.xml; path = Info.plist; sourceTree = "<group>"; };
		65AECE392B5655D800599FF8 /* Weather ForecastTests.xctest */ = {isa = PBXFileReference; explicitFileType = wrapper.cfbundle; includeInIndex = 0; path = "Weather ForecastTests.xctest"; sourceTree = BUILT_PRODUCTS_DIR; };
		65AECE3D2B5655D800599FF8 /* Weather_ForecastTests.swift */ = {isa = PBXFileReference; lastKnownFileType = sourcecode.swift; path = Weather_ForecastTests.swift; sourceTree = "<group>"; };
		65AECE432B5655D800599FF8 /* Weather ForecastUITests.xctest */ = {isa = PBXFileReference; explicitFileType = wrapper.cfbundle; includeInIndex = 0; path = "Weather ForecastUITests.xctest"; sourceTree = BUILT_PRODUCTS_DIR; };
		65AECE472B5655D800599FF8 /* Weather_ForecastUITests.swift */ = {isa = PBXFileReference; lastKnownFileType = sourcecode.swift; path = Weather_ForecastUITests.swift; sourceTree = "<group>"; };
		65AECE492B5655D800599FF8 /* Weather_ForecastUITestsLaunchTests.swift */ = {isa = PBXFileReference; lastKnownFileType = sourcecode.swift; path = Weather_ForecastUITestsLaunchTests.swift; sourceTree = "<group>"; };
/* End PBXFileReference section */

/* Begin PBXFrameworksBuildPhase section */
		65AECE1D2B5655D700599FF8 /* Frameworks */ = {
			isa = PBXFrameworksBuildPhase;
			buildActionMask = 2147483647;
			files = (
			);
			runOnlyForDeploymentPostprocessing = 0;
		};
		65AECE362B5655D800599FF8 /* Frameworks */ = {
			isa = PBXFrameworksBuildPhase;
			buildActionMask = 2147483647;
			files = (
			);
			runOnlyForDeploymentPostprocessing = 0;
		};
		65AECE402B5655D800599FF8 /* Frameworks */ = {
			isa = PBXFrameworksBuildPhase;
			buildActionMask = 2147483647;
			files = (
			);
			runOnlyForDeploymentPostprocessing = 0;
		};
/* End PBXFrameworksBuildPhase section */

/* Begin PBXGroup section */
		65AECE172B5655D700599FF8 = {
			isa = PBXGroup;
			children = (
				65AECE222B5655D700599FF8 /* Weather Forecast */,
				65AECE3C2B5655D800599FF8 /* Weather ForecastTests */,
				65AECE462B5655D800599FF8 /* Weather ForecastUITests */,
				65AECE212B5655D700599FF8 /* Products */,
			);
			sourceTree = "<group>";
		};
		65AECE212B5655D700599FF8 /* Products */ = {
			isa = PBXGroup;
			children = (
				65AECE202B5655D700599FF8 /* Weather Forecast.app */,
				65AECE392B5655D800599FF8 /* Weather ForecastTests.xctest */,
				65AECE432B5655D800599FF8 /* Weather ForecastUITests.xctest */,
			);
			name = Products;
			sourceTree = "<group>";
		};
		65AECE222B5655D700599FF8 /* Weather Forecast */ = {
			isa = PBXGroup;
			children = (
				65AECE232B5655D700599FF8 /* AppDelegate.swift */,
				65AECE252B5655D700599FF8 /* SceneDelegate.swift */,
				65AECE272B5655D700599FF8 /* ViewController.swift */,
				65AECE292B5655D700599FF8 /* Main.storyboard */,
				65AECE2F2B5655D800599FF8 /* Assets.xcassets */,
				65AECE312B5655D800599FF8 /* LaunchScreen.storyboard */,
				65AECE342B5655D800599FF8 /* Info.plist */,
				65AECE2C2B5655D700599FF8 /* Weather_Forecast.xcdatamodeld */,
			);
			path = "Weather Forecast";
			sourceTree = "<group>";
		};
		65AECE3C2B5655D800599FF8 /* Weather ForecastTests */ = {
			isa = PBXGroup;
			children = (
				65AECE3D2B5655D800599FF8 /* Weather_ForecastTests.swift */,
			);
			path = "Weather ForecastTests";
			sourceTree = "<group>";
		};
		65AECE462B5655D800599FF8 /* Weather ForecastUITests */ = {
			isa = PBXGroup;
			children = (
				65AECE472B5655D800599FF8 /* Weather_ForecastUITests.swift */,
				65AECE492B5655D800599FF8 /* Weather_ForecastUITestsLaunchTests.swift */,
			);
			path = "Weather ForecastUITests";
			sourceTree = "<group>";
		};
/* End PBXGroup section */

/* Begin PBXNativeTarget section */
		65AECE1F2B5655D700599FF8 /* Weather Forecast */ = {
			isa = PBXNativeTarget;
			buildConfigurationList = 65AECE4D2B5655D800599FF8 /* Build configuration list for PBXNativeTarget "Weather Forecast" */;
			buildPhases = (
				65AECE1C2B5655D700599FF8 /* Sources */,
				65AECE1D2B5655D700599FF8 /* Frameworks */,
				65AECE1E2B5655D700599FF8 /* Resources */,
			);
			buildRules = (
			);
			dependencies = (
			);
			name = "Weather Forecast";
			productName = "Weather Forecast";
			productReference = 65AECE202B5655D700599FF8 /* Weather Forecast.app */;
			productType = "com.apple.product-type.application";
		};
		65AECE382B5655D800599FF8 /* Weather ForecastTests */ = {
			isa = PBXNativeTarget;
			buildConfigurationList = 65AECE502B5655D800599FF8 /* Build configuration list for PBXNativeTarget "Weather ForecastTests" */;
			buildPhases = (
				65AECE352B5655D800599FF8 /* Sources */,
				65AECE362B5655D800599FF8 /* Frameworks */,
				65AECE372B5655D800599FF8 /* Resources */,
			);
			buildRules = (
			);
			dependencies = (
				65AECE3B2B5655D800599FF8 /* PBXTargetDependency */,
			);
			name = "Weather ForecastTests";
			productName = "Weather ForecastTests";
			productReference = 65AECE392B5655D800599FF8 /* Weather ForecastTests.xctest */;
			productType = "com.apple.product-type.bundle.unit-test";
		};
		65AECE422B5655D800599FF8 /* Weather ForecastUITests */ = {
			isa = PBXNativeTarget;
			buildConfigurationList = 65AECE532B5655D800599FF8 /* Build configuration list for PBXNativeTarget "Weather ForecastUITests" */;
			buildPhases = (
				65AECE3F2B5655D800599FF8 /* Sources */,
				65AECE402B5655D800599FF8 /* Frameworks */,
				65AECE412B5655D800599FF8 /* Resources */,
			);
			buildRules = (
			);
			dependencies = (
				65AECE452B5655D800599FF8 /* PBXTargetDependency */,
			);
			name = "Weather ForecastUITests";
			productName = "Weather ForecastUITests";
			productReference = 65AECE432B5655D800599FF8 /* Weather ForecastUITests.xctest */;
			productType = "com.apple.product-type.bundle.ui-testing";
		};
/* End PBXNativeTarget section */

/* Begin PBXProject section */
		65AECE182B5655D700599FF8 /* Project object */ = {
			isa = PBXProject;
			attributes = {
				BuildIndependentTargetsInParallel = 1;
				LastSwiftUpdateCheck = 1520;
				LastUpgradeCheck = 1520;
				TargetAttributes = {
					65AECE1F2B5655D700599FF8 = {
						CreatedOnToolsVersion = 15.2;
					};
					65AECE382B5655D800599FF8 = {
						CreatedOnToolsVersion = 15.2;
						TestTargetID = 65AECE1F2B5655D700599FF8;
					};
					65AECE422B5655D800599FF8 = {
						CreatedOnToolsVersion = 15.2;
						TestTargetID = 65AECE1F2B5655D700599FF8;
					};
				};
			};
			buildConfigurationList = 65AECE1B2B5655D700599FF8 /* Build configuration list for PBXProject "Weather Forecast" */;
			compatibilityVersion = "Xcode 14.0";
			developmentRegion = en;
			hasScannedForEncodings = 0;
			knownRegions = (
				en,
				Base,
			);
			mainGroup = 65AECE172B5655D700599FF8;
			productRefGroup = 65AECE212B5655D700599FF8 /* Products */;
			projectDirPath = "";
			projectRoot = "";
			targets = (
				65AECE1F2B5655D700599FF8 /* Weather Forecast */,
				65AECE382B5655D800599FF8 /* Weather ForecastTests */,
				65AECE422B5655D800599FF8 /* Weather ForecastUITests */,
			);
		};
/* End PBXProject section */

/* Begin PBXResourcesBuildPhase section */
		65AECE1E2B5655D700599FF8 /* Resources */ = {
			isa = PBXResourcesBuildPhase;
			buildActionMask = 2147483647;
			files = (
				65AECE332B5655D800599FF8 /* LaunchScreen.storyboard in Resources */,
				65AECE302B5655D800599FF8 /* Assets.xcassets in Resources */,
				65AECE2B2B5655D700599FF8 /* Main.storyboard in Resources */,
			);
			runOnlyForDeploymentPostprocessing = 0;
		};
		65AECE372B5655D800599FF8 /* Resources */ = {
			isa = PBXResourcesBuildPhase;
			buildActionMask = 2147483647;
			files = (
			);
			runOnlyForDeploymentPostprocessing = 0;
		};
		65AECE412B5655D800599FF8 /* Resources */ = {
			isa = PBXResourcesBuildPhase;
			buildActionMask = 2147483647;
			files = (
			);
			runOnlyForDeploymentPostprocessing = 0;
		};
/* End PBXResourcesBuildPhase section */

/* Begin PBXSourcesBuildPhase section */
		65AECE1C2B5655D700599FF8 /* Sources */ = {
			isa = PBXSourcesBuildPhase;
			buildActionMask = 2147483647;
			files = (
				65AECE282B5655D700599FF8 /* ViewController.swift in Sources */,
				65AECE242B5655D700599FF8 /* AppDelegate.swift in Sources */,
				65AECE262B5655D700599FF8 /* SceneDelegate.swift in Sources */,
				65AECE2E2B5655D700599FF8 /* Weather_Forecast.xcdatamodeld in Sources */,
			);
			runOnlyForDeploymentPostprocessing = 0;
		};
		65AECE352B5655D800599FF8 /* Sources */ = {
			isa = PBXSourcesBuildPhase;
			buildActionMask = 2147483647;
			files = (
				65AECE3E2B5655D800599FF8 /* Weather_ForecastTests.swift in Sources */,
			);
			runOnlyForDeploymentPostprocessing = 0;
		};
		65AECE3F2B5655D800599FF8 /* Sources */ = {
			isa = PBXSourcesBuildPhase;
			buildActionMask = 2147483647;
			files = (
				65AECE4A2B5655D800599FF8 /* Weather_ForecastUITestsLaunchTests.swift in Sources */,
				65AECE482B5655D800599FF8 /* Weather_ForecastUITests.swift in Sources */,
			);
			runOnlyForDeploymentPostprocessing = 0;
		};
/* End PBXSourcesBuildPhase section */

/* Begin PBXTargetDependency section */
		65AECE3B2B5655D800599FF8 /* PBXTargetDependency */ = {
			isa = PBXTargetDependency;
			target = 65AECE1F2B5655D700599FF8 /* Weather Forecast */;
			targetProxy = 65AECE3A2B5655D800599FF8 /* PBXContainerItemProxy */;
		};
		65AECE452B5655D800599FF8 /* PBXTargetDependency */ = {
			isa = PBXTargetDependency;
			target = 65AECE1F2B5655D700599FF8 /* Weather Forecast */;
			targetProxy = 65AECE442B5655D800599FF8 /* PBXContainerItemProxy */;
		};
/* End PBXTargetDependency section */

/* Begin PBXVariantGroup section */
		65AECE292B5655D700599FF8 /* Main.storyboard */ = {
			isa = PBXVariantGroup;
			children = (
				65AECE2A2B5655D700599FF8 /* Base */,
			);
			name = Main.storyboard;
			sourceTree = "<group>";
		};
		65AECE312B5655D800599FF8 /* LaunchScreen.storyboard */ = {
			isa = PBXVariantGroup;
			children = (
				65AECE322B5655D800599FF8 /* Base */,
			);
			name = LaunchScreen.storyboard;
			sourceTree = "<group>";
		};
/* End PBXVariantGroup section */

/* Begin XCBuildConfiguration section */
		65AECE4B2B5655D800599FF8 /* Debug */ = {
			isa = XCBuildConfiguration;
			buildSettings = {
				ALWAYS_SEARCH_USER_PATHS = NO;
				ASSETCATALOG_COMPILER_GENERATE_SWIFT_ASSET_SYMBOL_EXTENSIONS = YES;
				CLANG_ANALYZER_NONNULL = YES;
				CLANG_ANALYZER_NUMBER_OBJECT_CONVERSION = YES_AGGRESSIVE;
				CLANG_CXX_LANGUAGE_STANDARD = "gnu++20";
				CLANG_ENABLE_MODULES = YES;
				CLANG_ENABLE_OBJC_ARC = YES;
				CLANG_ENABLE_OBJC_WEAK = YES;
				CLANG_WARN_BLOCK_CAPTURE_AUTORELEASING = YES;
				CLANG_WARN_BOOL_CONVERSION = YES;
				CLANG_WARN_COMMA = YES;
				CLANG_WARN_CONSTANT_CONVERSION = YES;
				CLANG_WARN_DEPRECATED_OBJC_IMPLEMENTATIONS = YES;
				CLANG_WARN_DIRECT_OBJC_ISA_USAGE = YES_ERROR;
				CLANG_WARN_DOCUMENTATION_COMMENTS = YES;
				CLANG_WARN_EMPTY_BODY = YES;
				CLANG_WARN_ENUM_CONVERSION = YES;
				CLANG_WARN_INFINITE_RECURSION = YES;
				CLANG_WARN_INT_CONVERSION = YES;
				CLANG_WARN_NON_LITERAL_NULL_CONVERSION = YES;
				CLANG_WARN_OBJC_IMPLICIT_RETAIN_SELF = YES;
				CLANG_WARN_OBJC_LITERAL_CONVERSION = YES;
				CLANG_WARN_OBJC_ROOT_CLASS = YES_ERROR;
				CLANG_WARN_QUOTED_INCLUDE_IN_FRAMEWORK_HEADER = YES;
				CLANG_WARN_RANGE_LOOP_ANALYSIS = YES;
				CLANG_WARN_STRICT_PROTOTYPES = YES;
				CLANG_WARN_SUSPICIOUS_MOVE = YES;
				CLANG_WARN_UNGUARDED_AVAILABILITY = YES_AGGRESSIVE;
				CLANG_WARN_UNREACHABLE_CODE = YES;
				CLANG_WARN__DUPLICATE_METHOD_MATCH = YES;
				COPY_PHASE_STRIP = NO;
				DEBUG_INFORMATION_FORMAT = dwarf;
				ENABLE_STRICT_OBJC_MSGSEND = YES;
				ENABLE_TESTABILITY = YES;
				ENABLE_USER_SCRIPT_SANDBOXING = YES;
				GCC_C_LANGUAGE_STANDARD = gnu17;
				GCC_DYNAMIC_NO_PIC = NO;
				GCC_NO_COMMON_BLOCKS = YES;
				GCC_OPTIMIZATION_LEVEL = 0;
				GCC_PREPROCESSOR_DEFINITIONS = (
					"DEBUG=1",
					"$(inherited)",
				);
				GCC_WARN_64_TO_32_BIT_CONVERSION = YES;
				GCC_WARN_ABOUT_RETURN_TYPE = YES_ERROR;
				GCC_WARN_UNDECLARED_SELECTOR = YES;
				GCC_WARN_UNINITIALIZED_AUTOS = YES_AGGRESSIVE;
				GCC_WARN_UNUSED_FUNCTION = YES;
				GCC_WARN_UNUSED_VARIABLE = YES;
				IPHONEOS_DEPLOYMENT_TARGET = 17.2;
				LOCALIZATION_PREFERS_STRING_CATALOGS = YES;
				MTL_ENABLE_DEBUG_INFO = INCLUDE_SOURCE;
				MTL_FAST_MATH = YES;
				ONLY_ACTIVE_ARCH = YES;
				SDKROOT = iphoneos;
				SWIFT_ACTIVE_COMPILATION_CONDITIONS = "DEBUG $(inherited)";
				SWIFT_OPTIMIZATION_LEVEL = "-Onone";
			};
			name = Debug;
		};
		65AECE4C2B5655D800599FF8 /* Release */ = {
			isa = XCBuildConfiguration;
			buildSettings = {
				ALWAYS_SEARCH_USER_PATHS = NO;
				ASSETCATALOG_COMPILER_GENERATE_SWIFT_ASSET_SYMBOL_EXTENSIONS = YES;
				CLANG_ANALYZER_NONNULL = YES;
				CLANG_ANALYZER_NUMBER_OBJECT_CONVERSION = YES_AGGRESSIVE;
				CLANG_CXX_LANGUAGE_STANDARD = "gnu++20";
				CLANG_ENABLE_MODULES = YES;
				CLANG_ENABLE_OBJC_ARC = YES;
				CLANG_ENABLE_OBJC_WEAK = YES;
				CLANG_WARN_BLOCK_CAPTURE_AUTORELEASING = YES;
				CLANG_WARN_BOOL_CONVERSION = YES;
				CLANG_WARN_COMMA = YES;
				CLANG_WARN_CONSTANT_CONVERSION = YES;
				CLANG_WARN_DEPRECATED_OBJC_IMPLEMENTATIONS = YES;
				CLANG_WARN_DIRECT_OBJC_ISA_USAGE = YES_ERROR;
				CLANG_WARN_DOCUMENTATION_COMMENTS = YES;
				CLANG_WARN_EMPTY_BODY = YES;
				CLANG_WARN_ENUM_CONVERSION = YES;
				CLANG_WARN_INFINITE_RECURSION = YES;
				CLANG_WARN_INT_CONVERSION = YES;
				CLANG_WARN_NON_LITERAL_NULL_CONVERSION = YES;
				CLANG_WARN_OBJC_IMPLICIT_RETAIN_SELF = YES;
				CLANG_WARN_OBJC_LITERAL_CONVERSION = YES;
				CLANG_WARN_OBJC_ROOT_CLASS = YES_ERROR;
				CLANG_WARN_QUOTED_INCLUDE_IN_FRAMEWORK_HEADER = YES;
				CLANG_WARN_RANGE_LOOP_ANALYSIS = YES;
				CLANG_WARN_STRICT_PROTOTYPES = YES;
				CLANG_WARN_SUSPICIOUS_MOVE = YES;
				CLANG_WARN_UNGUARDED_AVAILABILITY = YES_AGGRESSIVE;
				CLANG_WARN_UNREACHABLE_CODE = YES;
				CLANG_WARN__DUPLICATE_METHOD_MATCH = YES;
				COPY_PHASE_STRIP = NO;
				DEBUG_INFORMATION_FORMAT = "dwarf-with-dsym";
				ENABLE_NS_ASSERTIONS = NO;
				ENABLE_STRICT_OBJC_MSGSEND = YES;
				ENABLE_USER_SCRIPT_SANDBOXING = YES;
				GCC_C_LANGUAGE_STANDARD = gnu17;
				GCC_NO_COMMON_BLOCKS = YES;
				GCC_WARN_64_TO_32_BIT_CONVERSION = YES;
				GCC_WARN_ABOUT_RETURN_TYPE = YES_ERROR;
				GCC_WARN_UNDECLARED_SELECTOR = YES;
				GCC_WARN_UNINITIALIZED_AUTOS = YES_AGGRESSIVE;
				GCC_WARN_UNUSED_FUNCTION = YES;
				GCC_WARN_UNUSED_VARIABLE = YES;
				IPHONEOS_DEPLOYMENT_TARGET = 17.2;
				LOCALIZATION_PREFERS_STRING_CATALOGS = YES;
				MTL_ENABLE_DEBUG_INFO = NO;
				MTL_FAST_MATH = YES;
				SDKROOT = iphoneos;
				SWIFT_COMPILATION_MODE = wholemodule;
				VALIDATE_PRODUCT = YES;
			};
			name = Release;
		};
		65AECE4E2B5655D800599FF8 /* Debug */ = {
			isa = XCBuildConfiguration;
			buildSettings = {
				ASSETCATALOG_COMPILER_APPICON_NAME = AppIcon;
				ASSETCATALOG_COMPILER_GLOBAL_ACCENT_COLOR_NAME = AccentColor;
				CODE_SIGN_STYLE = Automatic;
				CURRENT_PROJECT_VERSION = 1;
				DEVELOPMENT_TEAM = LLD7FBD78Y;
				GENERATE_INFOPLIST_FILE = YES;
				INFOPLIST_FILE = "Weather Forecast/Info.plist";
				INFOPLIST_KEY_UIApplicationSupportsIndirectInputEvents = YES;
				INFOPLIST_KEY_UILaunchStoryboardName = LaunchScreen;
				INFOPLIST_KEY_UIMainStoryboardFile = Main;
				INFOPLIST_KEY_UISupportedInterfaceOrientations_iPad = "UIInterfaceOrientationPortrait UIInterfaceOrientationPortraitUpsideDown UIInterfaceOrientationLandscapeLeft UIInterfaceOrientationLandscapeRight";
				INFOPLIST_KEY_UISupportedInterfaceOrientations_iPhone = "UIInterfaceOrientationPortrait UIInterfaceOrientationLandscapeLeft UIInterfaceOrientationLandscapeRight";
				LD_RUNPATH_SEARCH_PATHS = (
					"$(inherited)",
					"@executable_path/Frameworks",
				);
				MARKETING_VERSION = 1.0;
				PRODUCT_BUNDLE_IDENTIFIER = "com.derek.Weather-Forecast";
				PRODUCT_NAME = "$(TARGET_NAME)";
				SWIFT_EMIT_LOC_STRINGS = YES;
				SWIFT_VERSION = 5.0;
				TARGETED_DEVICE_FAMILY = "1,2";
			};
			name = Debug;
		};
		65AECE4F2B5655D800599FF8 /* Release */ = {
			isa = XCBuildConfiguration;
			buildSettings = {
				ASSETCATALOG_COMPILER_APPICON_NAME = AppIcon;
				ASSETCATALOG_COMPILER_GLOBAL_ACCENT_COLOR_NAME = AccentColor;
				CODE_SIGN_STYLE = Automatic;
				CURRENT_PROJECT_VERSION = 1;
				DEVELOPMENT_TEAM = LLD7FBD78Y;
				GENERATE_INFOPLIST_FILE = YES;
				INFOPLIST_FILE = "Weather Forecast/Info.plist";
				INFOPLIST_KEY_UIApplicationSupportsIndirectInputEvents = YES;
				INFOPLIST_KEY_UILaunchStoryboardName = LaunchScreen;
				INFOPLIST_KEY_UIMainStoryboardFile = Main;
				INFOPLIST_KEY_UISupportedInterfaceOrientations_iPad = "UIInterfaceOrientationPortrait UIInterfaceOrientationPortraitUpsideDown UIInterfaceOrientationLandscapeLeft UIInterfaceOrientationLandscapeRight";
				INFOPLIST_KEY_UISupportedInterfaceOrientations_iPhone = "UIInterfaceOrientationPortrait UIInterfaceOrientationLandscapeLeft UIInterfaceOrientationLandscapeRight";
				LD_RUNPATH_SEARCH_PATHS = (
					"$(inherited)",
					"@executable_path/Frameworks",
				);
				MARKETING_VERSION = 1.0;
				PRODUCT_BUNDLE_IDENTIFIER = "com.derek.Weather-Forecast";
				PRODUCT_NAME = "$(TARGET_NAME)";
				SWIFT_EMIT_LOC_STRINGS = YES;
				SWIFT_VERSION = 5.0;
				TARGETED_DEVICE_FAMILY = "1,2";
			};
			name = Release;
		};
		65AECE512B5655D800599FF8 /* Debug */ = {
			isa = XCBuildConfiguration;
			buildSettings = {
				ALWAYS_EMBED_SWIFT_STANDARD_LIBRARIES = YES;
				BUNDLE_LOADER = "$(TEST_HOST)";
				CODE_SIGN_STYLE = Automatic;
				CURRENT_PROJECT_VERSION = 1;
				DEVELOPMENT_TEAM = LLD7FBD78Y;
				GENERATE_INFOPLIST_FILE = YES;
				IPHONEOS_DEPLOYMENT_TARGET = 17.2;
				MARKETING_VERSION = 1.0;
				PRODUCT_BUNDLE_IDENTIFIER = "com.derek.Weather-ForecastTests";
				PRODUCT_NAME = "$(TARGET_NAME)";
				SWIFT_EMIT_LOC_STRINGS = NO;
				SWIFT_VERSION = 5.0;
				TARGETED_DEVICE_FAMILY = "1,2";
				TEST_HOST = "$(BUILT_PRODUCTS_DIR)/Weather Forecast.app/$(BUNDLE_EXECUTABLE_FOLDER_PATH)/Weather Forecast";
			};
			name = Debug;
		};
		65AECE522B5655D800599FF8 /* Release */ = {
			isa = XCBuildConfiguration;
			buildSettings = {
				ALWAYS_EMBED_SWIFT_STANDARD_LIBRARIES = YES;
				BUNDLE_LOADER = "$(TEST_HOST)";
				CODE_SIGN_STYLE = Automatic;
				CURRENT_PROJECT_VERSION = 1;
				DEVELOPMENT_TEAM = LLD7FBD78Y;
				GENERATE_INFOPLIST_FILE = YES;
				IPHONEOS_DEPLOYMENT_TARGET = 17.2;
				MARKETING_VERSION = 1.0;
				PRODUCT_BUNDLE_IDENTIFIER = "com.derek.Weather-ForecastTests";
				PRODUCT_NAME = "$(TARGET_NAME)";
				SWIFT_EMIT_LOC_STRINGS = NO;
				SWIFT_VERSION = 5.0;
				TARGETED_DEVICE_FAMILY = "1,2";
				TEST_HOST = "$(BUILT_PRODUCTS_DIR)/Weather Forecast.app/$(BUNDLE_EXECUTABLE_FOLDER_PATH)/Weather Forecast";
			};
			name = Release;
		};
		65AECE542B5655D800599FF8 /* Debug */ = {
			isa = XCBuildConfiguration;
			buildSettings = {
				ALWAYS_EMBED_SWIFT_STANDARD_LIBRARIES = YES;
				CODE_SIGN_STYLE = Automatic;
				CURRENT_PROJECT_VERSION = 1;
				DEVELOPMENT_TEAM = LLD7FBD78Y;
				GENERATE_INFOPLIST_FILE = YES;
				MARKETING_VERSION = 1.0;
				PRODUCT_BUNDLE_IDENTIFIER = "com.derek.Weather-ForecastUITests";
				PRODUCT_NAME = "$(TARGET_NAME)";
				SWIFT_EMIT_LOC_STRINGS = NO;
				SWIFT_VERSION = 5.0;
				TARGETED_DEVICE_FAMILY = "1,2";
				TEST_TARGET_NAME = "Weather Forecast";
			};
			name = Debug;
		};
		65AECE552B5655D800599FF8 /* Release */ = {
			isa = XCBuildConfiguration;
			buildSettings = {
				ALWAYS_EMBED_SWIFT_STANDARD_LIBRARIES = YES;
				CODE_SIGN_STYLE = Automatic;
				CURRENT_PROJECT_VERSION = 1;
				DEVELOPMENT_TEAM = LLD7FBD78Y;
				GENERATE_INFOPLIST_FILE = YES;
				MARKETING_VERSION = 1.0;
				PRODUCT_BUNDLE_IDENTIFIER = "com.derek.Weather-ForecastUITests";
				PRODUCT_NAME = "$(TARGET_NAME)";
				SWIFT_EMIT_LOC_STRINGS = NO;
				SWIFT_VERSION = 5.0;
				TARGETED_DEVICE_FAMILY = "1,2";
				TEST_TARGET_NAME = "Weather Forecast";
			};
			name = Release;
		};
/* End XCBuildConfiguration section */

/* Begin XCConfigurationList section */
		65AECE1B2B5655D700599FF8 /* Build configuration list for PBXProject "Weather Forecast" */ = {
			isa = XCConfigurationList;
			buildConfigurations = (
				65AECE4B2B5655D800599FF8 /* Debug */,
				65AECE4C2B5655D800599FF8 /* Release */,
			);
			defaultConfigurationIsVisible = 0;
			defaultConfigurationName = Release;
		};
		65AECE4D2B5655D800599FF8 /* Build configuration list for PBXNativeTarget "Weather Forecast" */ = {
			isa = XCConfigurationList;
			buildConfigurations = (
				65AECE4E2B5655D800599FF8 /* Debug */,
				65AECE4F2B5655D800599FF8 /* Release */,
			);
			defaultConfigurationIsVisible = 0;
			defaultConfigurationName = Release;
		};
		65AECE502B5655D800599FF8 /* Build configuration list for PBXNativeTarget "Weather ForecastTests" */ = {
			isa = XCConfigurationList;
			buildConfigurations = (
				65AECE512B5655D800599FF8 /* Debug */,
				65AECE522B5655D800599FF8 /* Release */,
			);
			defaultConfigurationIsVisible = 0;
			defaultConfigurationName = Release;
		};
		65AECE532B5655D800599FF8 /* Build configuration list for PBXNativeTarget "Weather ForecastUITests" */ = {
			isa = XCConfigurationList;
			buildConfigurations = (
				65AECE542B5655D800599FF8 /* Debug */,
				65AECE552B5655D800599FF8 /* Release */,
			);
			defaultConfigurationIsVisible = 0;
			defaultConfigurationName = Release;
		};
/* End XCConfigurationList section */

/* Begin XCVersionGroup section */
		65AECE2C2B5655D700599FF8 /* Weather_Forecast.xcdatamodeld */ = {
			isa = XCVersionGroup;
			children = (
				65AECE2D2B5655D700599FF8 /* Weather_Forecast.xcdatamodel */,
			);
			currentVersion = 65AECE2D2B5655D700599FF8 /* Weather_Forecast.xcdatamodel */;
			path = Weather_Forecast.xcdatamodeld;
			sourceTree = "<group>";
			versionGroupType = wrapper.xcdatamodel;
		};
/* End XCVersionGroup section */
	};
	rootObject = 65AECE182B5655D700599FF8 /* Project object */;
}
